
Microsoft Visual Studio Solution File, Format Version 12.00
Project("{FAE04EC0-301F-11D3-BF4B-00C04F79EFBC}") = "Medicae", "Medicae\Medicae.csproj", "{861BBE3A-2F85-4A47-B838-15CA16FE00CA}"
EndProject
Global
	GlobalSection(SolutionConfigurationPlatforms) = preSolution
		Debug|Any CPU = Debug|Any CPU
		Release|Any CPU = Release|Any CPU
	EndGlobalSection
	GlobalSection(ProjectConfigurationPlatforms) = postSolution
		{861BBE3A-2F85-4A47-B838-15CA16FE00CA}.Debug|Any CPU.ActiveCfg = Debug|Any CPU
		{861BBE3A-2F85-4A47-B838-15CA16FE00CA}.Debug|Any CPU.Build.0 = Debug|Any CPU
		{861BBE3A-2F85-4A47-B838-15CA16FE00CA}.Release|Any CPU.ActiveCfg = Release|Any CPU
		{861BBE3A-2F85-4A47-B838-15CA16FE00CA}.Release|Any CPU.Build.0 = Release|Any CPU
	EndGlobalSection
EndGlobal
